<?xml version="1.0" encoding="utf-8"?>
<Project ToolsVersion="4.0" xmlns="http://schemas.microsoft.com/developer/msbuild/2003">
  <ItemGroup>
    <Filter Include="소스 파일">
      <UniqueIdentifier>{4FC737F1-C7A5-4376-A066-2A32D752A2FF}</UniqueIdentifier>
      <Extensions>cpp;c;cc;cxx;c++;cppm;ixx;def;odl;idl;hpj;bat;asm;asmx</Extensions>
    </Filter>
    <Filter Include="헤더 파일">
      <UniqueIdentifier>{93995380-89BD-4b04-88EB-625FBE52EBFB}</UniqueIdentifier>
      <Extensions>h;hh;hpp;hxx;h++;hm;inl;inc;ipp;xsd</Extensions>
    </Filter>
    <Filter Include="리소스 파일">
      <UniqueIdentifier>{67DA6AB6-F800-4c08-8B7A-83BB121AAD01}</UniqueIdentifier>
      <Extensions>rc;ico;cur;bmp;dlg;rc2;rct;bin;rgs;gif;jpg;jpeg;jpe;resx;tiff;tif;png;wav;mfcribbon-ms</Extensions>
    </Filter>
  </ItemGroup>
  <ItemGroup>
    <ClInclude Include="Framework.h">
      <Filter>헤더 파일</Filter>
    </ClInclude>
    <ClInclude Include="__Others\targetver.h">
      <Filter>헤더 파일</Filter>
    </ClInclude>
    <ClInclude Include="__Others\Resource.h">
      <Filter>헤더 파일</Filter>
    </ClInclude>
    <ClInclude Include="Main.h">
      <Filter>헤더 파일</Filter>
    </ClInclude>
    <ClInclude Include="MainGame.h">
      <Filter>헤더 파일</Filter>
    </ClInclude>
    <ClInclude Include="Scene\Scene.h">
      <Filter>헤더 파일</Filter>
    </ClInclude>
    <ClInclude Include="System\Device.h">
      <Filter>헤더 파일</Filter>
    </ClInclude>
    <ClInclude Include="Utility\Singleton.h">
      <Filter>헤더 파일</Filter>
    </ClInclude>
    <ClInclude Include="Render\Buffer\VertexLayout.h">
      <Filter>헤더 파일</Filter>
    </ClInclude>
    <ClInclude Include="Render\Buffer\VertexBuffer.h">
      <Filter>헤더 파일</Filter>
    </ClInclude>
    <ClInclude Include="Render\Shader\VertexShader.h">
      <Filter>헤더 파일</Filter>
    </ClInclude>
    <ClInclude Include="Render\Shader\PixelShader.h">
      <Filter>헤더 파일</Filter>
    </ClInclude>
    <ClInclude Include="Render\Buffer\IndexBuffer.h">
      <Filter>헤더 파일</Filter>
    </ClInclude>
    <ClInclude Include="Object\Basic\Object.h">
      <Filter>헤더 파일</Filter>
    </ClInclude>
    <ClInclude Include="Render\Buffer\ConstantBuffer.h">
      <Filter>헤더 파일</Filter>
    </ClInclude>
    <ClInclude Include="Render\Buffer\GlobalBuffer.h">
      <Filter>헤더 파일</Filter>
    </ClInclude>
    <ClInclude Include="System\Environment.h">
      <Filter>헤더 파일</Filter>
    </ClInclude>
    <ClInclude Include="Utility\Keyboard.h">
      <Filter>헤더 파일</Filter>
    </ClInclude>
    <ClInclude Include="Utility\Time.h">
      <Filter>헤더 파일</Filter>
    </ClInclude>
    <ClInclude Include="_Include\imconfig.h">
      <Filter>헤더 파일</Filter>
    </ClInclude>
    <ClInclude Include="_Include\imgui.h">
      <Filter>헤더 파일</Filter>
    </ClInclude>
    <ClInclude Include="_Include\imgui_impl_dx11.h">
      <Filter>헤더 파일</Filter>
    </ClInclude>
    <ClInclude Include="_Include\imgui_impl_win32.h">
      <Filter>헤더 파일</Filter>
    </ClInclude>
    <ClInclude Include="_Include\imgui_internal.h">
      <Filter>헤더 파일</Filter>
    </ClInclude>
    <ClInclude Include="_Include\imstb_rectpack.h">
      <Filter>헤더 파일</Filter>
    </ClInclude>
    <ClInclude Include="_Include\imstb_textedit.h">
      <Filter>헤더 파일</Filter>
    </ClInclude>
    <ClInclude Include="_Include\imstb_truetype.h">
      <Filter>헤더 파일</Filter>
    </ClInclude>
    <ClInclude Include="Utility\Vector2.h">
      <Filter>헤더 파일</Filter>
    </ClInclude>
    <ClInclude Include="Object\Transform.h">
      <Filter>헤더 파일</Filter>
    </ClInclude>
    <ClInclude Include="Object\Basic\Polygons.h">
      <Filter>헤더 파일</Filter>
    </ClInclude>
    <ClInclude Include="Object\SolarSystem\Planet.h">
      <Filter>헤더 파일</Filter>
    </ClInclude>
    <ClInclude Include="Render\Texture\Texture.h">
      <Filter>헤더 파일</Filter>
    </ClInclude>
    <ClInclude Include="Render\Texture\Frame.h">
      <Filter>헤더 파일</Filter>
    </ClInclude>
    <ClInclude Include="Render\Texture\Animation.h">
      <Filter>헤더 파일</Filter>
    </ClInclude>
    <ClInclude Include="Object\Collision\Collider.h">
      <Filter>헤더 파일</Filter>
    </ClInclude>
    <ClInclude Include="Object\Collision\ColliderCircle.h">
      <Filter>헤더 파일</Filter>
    </ClInclude>
    <ClInclude Include="Object\Collision\ColliderRect.h">
      <Filter>헤더 파일</Filter>
    </ClInclude>
    <ClInclude Include="Scene\CollisionScene.h">
      <Filter>헤더 파일</Filter>
    </ClInclude>
    <ClInclude Include="System\Camera.h">
      <Filter>헤더 파일</Filter>
    </ClInclude>
    <ClInclude Include="Utility\BinaryWriter.h">
      <Filter>헤더 파일</Filter>
    </ClInclude>
    <ClInclude Include="Utility\BinaryReader.h">
      <Filter>헤더 파일</Filter>
    </ClInclude>
    <ClInclude Include="Utility\Util.h">
      <Filter>헤더 파일</Filter>
    </ClInclude>
    <ClInclude Include="Scene\GameScene.h">
      <Filter>헤더 파일</Filter>
    </ClInclude>
    <ClInclude Include="GameMap\TileManager.h">
      <Filter>헤더 파일</Filter>
    </ClInclude>
    <ClInclude Include="Manager\GameManager.h">
      <Filter>헤더 파일</Filter>
    </ClInclude>
    <ClInclude Include="GameMap\Editor\MapEditor.h">
      <Filter>헤더 파일</Filter>
    </ClInclude>
    <ClInclude Include="GameMap\Block.h">
      <Filter>헤더 파일</Filter>
    </ClInclude>
    <ClInclude Include="GameMap\BlockManager.h">
      <Filter>헤더 파일</Filter>
    </ClInclude>
    <ClInclude Include="GameMap\Editor\TileEditor.h">
      <Filter>헤더 파일</Filter>
    </ClInclude>
    <ClInclude Include="GameMap\Editor\BlockEditor.h">
      <Filter>헤더 파일</Filter>
    </ClInclude>
    <ClInclude Include="Character\Character.h">
      <Filter>헤더 파일</Filter>
    </ClInclude>
    <ClInclude Include="Character\CharacterAnims\CharacterAnimState.h">
      <Filter>헤더 파일</Filter>
    </ClInclude>
    <ClInclude Include="Character\CharacterAnims\CharacterAnimFactory.h">
      <Filter>헤더 파일</Filter>
    </ClInclude>
    <ClInclude Include="Character\CharacterAnims\CharacterAnim.h">
      <Filter>헤더 파일</Filter>
    </ClInclude>
    <ClInclude Include="Character\CharacterAnims\BazziAnim.h">
      <Filter>헤더 파일</Filter>
    </ClInclude>
    <ClInclude Include="Character\CharacterAnims\DaoAnim.h">
      <Filter>헤더 파일</Filter>
    </ClInclude>
    <ClInclude Include="Character\CharacterAnims\CappiAnim.h">
      <Filter>헤더 파일</Filter>
    </ClInclude>
    <ClInclude Include="Character\CharacterAnims\MaridAnim.h">
      <Filter>헤더 파일</Filter>
    </ClInclude>
    <ClInclude Include="Character\Player.h">
      <Filter>헤더 파일</Filter>
    </ClInclude>
    <ClInclude Include="Utility\Font.h">
      <Filter>헤더 파일</Filter>
    </ClInclude>
    <ClInclude Include="Balloon\Balloon.h">
      <Filter>헤더 파일</Filter>
    </ClInclude>
    <ClInclude Include="Balloon\BalloonManager.h">
      <Filter>헤더 파일</Filter>
    </ClInclude>
    <ClInclude Include="Object\Collision\CollisionUtil.h">
      <Filter>헤더 파일</Filter>
    </ClInclude>
    <ClInclude Include="_Include\DirectXTex.h">
      <Filter>헤더 파일</Filter>
    </ClInclude>
    <ClInclude Include="_Include\fmod.h">
      <Filter>헤더 파일</Filter>
    </ClInclude>
    <ClInclude Include="_Include\fmod.hpp">
      <Filter>헤더 파일</Filter>
    </ClInclude>
    <ClInclude Include="_Include\fmod_codec.h">
      <Filter>헤더 파일</Filter>
    </ClInclude>
    <ClInclude Include="_Include\fmod_common.h">
      <Filter>헤더 파일</Filter>
    </ClInclude>
    <ClInclude Include="_Include\fmod_dsp.h">
      <Filter>헤더 파일</Filter>
    </ClInclude>
    <ClInclude Include="_Include\fmod_dsp_effects.h">
      <Filter>헤더 파일</Filter>
    </ClInclude>
    <ClInclude Include="_Include\fmod_errors.h">
      <Filter>헤더 파일</Filter>
    </ClInclude>
    <ClInclude Include="_Include\fmod_output.h">
      <Filter>헤더 파일</Filter>
    </ClInclude>
    <ClInclude Include="Utility\SoundManager.h">
      <Filter>헤더 파일</Filter>
    </ClInclude>
    <ClInclude Include="Stream\StreamBlocks\StreamBlock.h">
      <Filter>헤더 파일</Filter>
    </ClInclude>
    <ClInclude Include="Stream\StreamBlocks\StreamBlock_Center.h">
      <Filter>헤더 파일</Filter>
    </ClInclude>
    <ClInclude Include="Stream\StreamBlocks\StreamBlock_Left.h">
      <Filter>헤더 파일</Filter>
    </ClInclude>
    <ClInclude Include="Stream\StreamBlocks\StreamBlock_Right.h">
      <Filter>헤더 파일</Filter>
    </ClInclude>
    <ClInclude Include="Stream\StreamBlocks\StreamBlock_Up.h">
      <Filter>헤더 파일</Filter>
    </ClInclude>
    <ClInclude Include="Stream\StreamBlocks\StreamBlock_Down.h">
      <Filter>헤더 파일</Filter>
    </ClInclude>
    <ClInclude Include="Stream\StreamManager.h">
      <Filter>헤더 파일</Filter>
    </ClInclude>
    <ClInclude Include="Stream\Stream.h">
      <Filter>헤더 파일</Filter>
    </ClInclude>
    <ClInclude Include="Stream\StreamBlocks\StreamBlockManager.h">
      <Filter>헤더 파일</Filter>
    </ClInclude>
    <ClInclude Include="Object\Collision\ColliderHolder.h">
      <Filter>헤더 파일</Filter>
    </ClInclude>
    <ClInclude Include="Item\Item.h">
      <Filter>헤더 파일</Filter>
    </ClInclude>
    <ClInclude Include="Item\ItemStrategy\ItemStrategy.h">
      <Filter>헤더 파일</Filter>
    </ClInclude>
    <ClInclude Include="Item\ImmediateItem.h">
      <Filter>헤더 파일</Filter>
    </ClInclude>
    <ClInclude Include="Item\Initializer\ItemInitializer.h">
      <Filter>헤더 파일</Filter>
    </ClInclude>
    <ClInclude Include="Item\ItemManager.h">
      <Filter>헤더 파일</Filter>
    </ClInclude>
    <ClInclude Include="Item\ConsumableItem.h">
      <Filter>헤더 파일</Filter>
    </ClInclude>
    <ClInclude Include="UI\UIManager.h">
      <Filter>헤더 파일</Filter>
    </ClInclude>
    <ClInclude Include="Item\GameField\Dart.h">
      <Filter>헤더 파일</Filter>
    </ClInclude>
    <ClInclude Include="Item\GameField\DartManager.h">
      <Filter>헤더 파일</Filter>
    </ClInclude>
    <ClInclude Include="Balloon\TimerBalloon.h">
      <Filter>헤더 파일</Filter>
    </ClInclude>
  </ItemGroup>
  <ItemGroup>
    <ClCompile Include="Main.cpp">
      <Filter>소스 파일</Filter>
    </ClCompile>
    <ClCompile Include="Framework.cpp">
      <Filter>소스 파일</Filter>
    </ClCompile>
    <ClCompile Include="MainGame.cpp">
      <Filter>소스 파일</Filter>
    </ClCompile>
    <ClCompile Include="System\Device.cpp">
      <Filter>소스 파일</Filter>
    </ClCompile>
    <ClCompile Include="Render\Buffer\VertexBuffer.cpp">
      <Filter>소스 파일</Filter>
    </ClCompile>
    <ClCompile Include="Render\Shader\VertexShader.cpp">
      <Filter>소스 파일</Filter>
    </ClCompile>
    <ClCompile Include="Render\Shader\PixelShader.cpp">
      <Filter>소스 파일</Filter>
    </ClCompile>
    <ClCompile Include="Render\Buffer\IndexBuffer.cpp">
      <Filter>소스 파일</Filter>
    </ClCompile>
    <ClCompile Include="Object\Basic\Object.cpp">
      <Filter>소스 파일</Filter>
    </ClCompile>
    <ClCompile Include="Render\Buffer\ConstantBuffer.cpp">
      <Filter>소스 파일</Filter>
    </ClCompile>
    <ClCompile Include="System\Environment.cpp">
      <Filter>소스 파일</Filter>
    </ClCompile>
    <ClCompile Include="Utility\Keyboard.cpp">
      <Filter>소스 파일</Filter>
    </ClCompile>
    <ClCompile Include="Utility\Time.cpp">
      <Filter>소스 파일</Filter>
    </ClCompile>
    <ClCompile Include="Utility\Vector2.cpp">
      <Filter>소스 파일</Filter>
    </ClCompile>
    <ClCompile Include="Object\Transform.cpp">
      <Filter>소스 파일</Filter>
    </ClCompile>
    <ClCompile Include="Object\Basic\Polygons.cpp">
      <Filter>소스 파일</Filter>
    </ClCompile>
    <ClCompile Include="Object\SolarSystem\Planet.cpp">
      <Filter>소스 파일</Filter>
    </ClCompile>
    <ClCompile Include="Render\Texture\Texture.cpp">
      <Filter>소스 파일</Filter>
    </ClCompile>
    <ClCompile Include="Render\Texture\Frame.cpp">
      <Filter>소스 파일</Filter>
    </ClCompile>
    <ClCompile Include="Render\Texture\Animation.cpp">
      <Filter>소스 파일</Filter>
    </ClCompile>
    <ClCompile Include="Object\Collision\Collider.cpp">
      <Filter>소스 파일</Filter>
    </ClCompile>
    <ClCompile Include="Object\Collision\ColliderCircle.cpp">
      <Filter>소스 파일</Filter>
    </ClCompile>
    <ClCompile Include="Object\Collision\ColliderRect.cpp">
      <Filter>소스 파일</Filter>
    </ClCompile>
    <ClCompile Include="Scene\CollisionScene.cpp">
      <Filter>소스 파일</Filter>
    </ClCompile>
    <ClCompile Include="System\Camera.cpp">
      <Filter>소스 파일</Filter>
    </ClCompile>
    <ClCompile Include="Utility\BinaryWriter.cpp">
      <Filter>소스 파일</Filter>
    </ClCompile>
    <ClCompile Include="Utility\BinaryReader.cpp">
      <Filter>소스 파일</Filter>
    </ClCompile>
    <ClCompile Include="Scene\GameScene.cpp">
      <Filter>소스 파일</Filter>
    </ClCompile>
    <ClCompile Include="GameMap\TileManager.cpp">
      <Filter>소스 파일</Filter>
    </ClCompile>
    <ClCompile Include="Manager\GameManager.cpp">
      <Filter>소스 파일</Filter>
    </ClCompile>
    <ClCompile Include="GameMap\Editor\MapEditor.cpp">
      <Filter>소스 파일</Filter>
    </ClCompile>
    <ClCompile Include="GameMap\Block.cpp">
      <Filter>소스 파일</Filter>
    </ClCompile>
    <ClCompile Include="GameMap\BlockManager.cpp">
      <Filter>소스 파일</Filter>
    </ClCompile>
    <ClCompile Include="GameMap\Editor\TileEditor.cpp">
      <Filter>소스 파일</Filter>
    </ClCompile>
    <ClCompile Include="GameMap\Editor\BlockEditor.cpp">
      <Filter>소스 파일</Filter>
    </ClCompile>
    <ClCompile Include="Character\Character.cpp">
      <Filter>소스 파일</Filter>
    </ClCompile>
    <ClCompile Include="Character\CharacterAnims\CharacterAnimFactory.cpp">
      <Filter>소스 파일</Filter>
    </ClCompile>
    <ClCompile Include="Character\CharacterAnims\CharacterAnim.cpp">
      <Filter>소스 파일</Filter>
    </ClCompile>
    <ClCompile Include="Character\CharacterAnims\BazziAnim.cpp">
      <Filter>소스 파일</Filter>
    </ClCompile>
    <ClCompile Include="Character\CharacterAnims\DaoAnim.cpp">
      <Filter>소스 파일</Filter>
    </ClCompile>
    <ClCompile Include="Character\CharacterAnims\CappiAnim.cpp">
      <Filter>소스 파일</Filter>
    </ClCompile>
    <ClCompile Include="Character\CharacterAnims\MaridAnim.cpp">
      <Filter>소스 파일</Filter>
    </ClCompile>
    <ClCompile Include="Character\Player.cpp">
      <Filter>소스 파일</Filter>
    </ClCompile>
    <ClCompile Include="Utility\Font.cpp">
      <Filter>소스 파일</Filter>
    </ClCompile>
    <ClCompile Include="Balloon\Balloon.cpp">
      <Filter>소스 파일</Filter>
    </ClCompile>
    <ClCompile Include="Balloon\BalloonManager.cpp">
      <Filter>소스 파일</Filter>
    </ClCompile>
    <ClCompile Include="Object\Collision\CollisionUtil.cpp">
      <Filter>소스 파일</Filter>
    </ClCompile>
    <ClCompile Include="Utility\SoundManager.cpp">
      <Filter>소스 파일</Filter>
    </ClCompile>
    <ClCompile Include="Stream\StreamBlocks\StreamBlock.cpp">
      <Filter>소스 파일</Filter>
    </ClCompile>
    <ClCompile Include="Stream\StreamBlocks\StreamBlock_Center.cpp">
      <Filter>소스 파일</Filter>
    </ClCompile>
    <ClCompile Include="Stream\StreamBlocks\StreamBlock_Left.cpp">
      <Filter>소스 파일</Filter>
    </ClCompile>
    <ClCompile Include="Stream\StreamBlocks\StreamBlock_Right.cpp">
      <Filter>소스 파일</Filter>
    </ClCompile>
    <ClCompile Include="Stream\StreamBlocks\StreamBlock_Up.cpp">
      <Filter>소스 파일</Filter>
    </ClCompile>
    <ClCompile Include="Stream\StreamBlocks\StreamBlock_Down.cpp">
      <Filter>소스 파일</Filter>
    </ClCompile>
    <ClCompile Include="Stream\StreamManager.cpp">
      <Filter>소스 파일</Filter>
    </ClCompile>
    <ClCompile Include="Stream\Stream.cpp">
      <Filter>소스 파일</Filter>
    </ClCompile>
    <ClCompile Include="Stream\StreamBlocks\StreamBlockManager.cpp">
      <Filter>소스 파일</Filter>
    </ClCompile>
    <ClCompile Include="Object\Collision\ColliderHolder.cpp">
      <Filter>소스 파일</Filter>
    </ClCompile>
    <ClCompile Include="Item\Item.cpp">
      <Filter>소스 파일</Filter>
    </ClCompile>
    <ClCompile Include="Item\ItemStrategy\ItemStrategy.cpp">
      <Filter>소스 파일</Filter>
    </ClCompile>
    <ClCompile Include="Item\ImmediateItem.cpp">
      <Filter>소스 파일</Filter>
    </ClCompile>
    <ClCompile Include="Item\Initializer\ItemInitializer.cpp">
      <Filter>소스 파일</Filter>
    </ClCompile>
    <ClCompile Include="Item\ItemManager.cpp">
      <Filter>소스 파일</Filter>
    </ClCompile>
    <ClCompile Include="Item\ConsumableItem.cpp">
      <Filter>소스 파일</Filter>
    </ClCompile>
    <ClCompile Include="UI\UIManager.cpp">
      <Filter>소스 파일</Filter>
    </ClCompile>
    <ClCompile Include="Item\GameField\Dart.cpp">
      <Filter>소스 파일</Filter>
    </ClCompile>
    <ClCompile Include="Item\GameField\DartManager.cpp">
      <Filter>소스 파일</Filter>
    </ClCompile>
    <ClCompile Include="Balloon\TimerBalloon.cpp">
      <Filter>소스 파일</Filter>
    </ClCompile>
  </ItemGroup>
  <ItemGroup>
    <ResourceCompile Include="__Others\Project.rc">
      <Filter>리소스 파일</Filter>
    </ResourceCompile>
  </ItemGroup>
  <ItemGroup>
    <Image Include="__Others\small.ico">
      <Filter>리소스 파일</Filter>
    </Image>
    <Image Include="__Others\Project.ico">
      <Filter>리소스 파일</Filter>
    </Image>
  </ItemGroup>
  <ItemGroup>
    <FxCompile Include="_Shader\VertexTutorial.hlsl" />
    <FxCompile Include="_Shader\PixelTutorial.hlsl" />
    <FxCompile Include="_Shader\VertexTexture.hlsl" />
    <FxCompile Include="_Shader\PixelTexture.hlsl" />
    <FxCompile Include="_Shader\VertexLine.hlsl" />
    <FxCompile Include="_Shader\PixelLine.hlsl" />
  </ItemGroup>
  <ItemGroup>
    <None Include="_Library\IMGui.idb" />
    <None Include="_Library\IMGui.pdb" />
    <None Include="_Include\DirectXTex.inl">
      <Filter>헤더 파일</Filter>
    </None>
    <None Include="_Include\fmod.cs" />
    <None Include="_Include\fmod_dsp.cs" />
    <None Include="_Include\fmod_errors.cs" />
    <None Include="_Library\fmod.dll" />
    <None Include="_Library\fmodL.dll" />
  </ItemGroup>
  <ItemGroup>
    <Library Include="_Library\IMGui.lib" />
    <Library Include="_Library\DirectXTex.lib" />
    <Library Include="_Library\fmod_vc.lib" />
    <Library Include="_Library\fmodL_vc.lib" />
  </ItemGroup>
</Project>